{
  "version": 4,
  "terraform_version": "1.13.5",
  "serial": 33,
  "lineage": "d44378fe-746a-f7c7-e30c-13e098cfe6ef",
  "outputs": {},
  "resources": [
    {
      "mode": "managed",
      "type": "google_artifact_registry_repository",
      "name": "docker_repo",
      "provider": "provider[\"registry.terraform.io/hashicorp/google\"]",
      "instances": [
        {
          "schema_version": 0,
          "attributes": {
            "cleanup_policies": [],
            "cleanup_policy_dry_run": false,
            "create_time": "2025-11-21T11:58:12.866442Z",
            "description": "",
            "docker_config": [],
            "effective_labels": {},
            "format": "DOCKER",
            "id": "projects/exemplary-oath-478810-g0/locations/us-central1/repositories/react-repo",
            "kms_key_name": "",
            "labels": {},
            "location": "us-central1",
            "maven_config": [],
            "mode": "STANDARD_REPOSITORY",
            "name": "react-repo",
            "project": "exemplary-oath-478810-g0",
            "remote_repository_config": [],
            "repository_id": "react-repo",
            "terraform_labels": {},
            "timeouts": null,
            "update_time": "2025-11-24T11:02:25.023248Z",
            "virtual_repository_config": []
          },
          "sensitive_attributes": [],
          "identity_schema_version": 0,
          "private": "eyJlMmJmYjczMC1lY2FhLTExZTYtOGY4OC0zNDM2M2JjN2M0YzAiOnsiY3JlYXRlIjoxMjAwMDAwMDAwMDAwLCJkZWxldGUiOjEyMDAwMDAwMDAwMDAsInVwZGF0ZSI6MTIwMDAwMDAwMDAwMH19"
        }
      ]
    },
    {
      "mode": "managed",
      "type": "google_compute_firewall",
      "name": "allow_http",
      "provider": "provider[\"registry.terraform.io/hashicorp/google\"]",
      "instances": [
        {
          "schema_version": 1,
          "attributes": {
            "allow": [
              {
                "ports": [
                  "80"
                ],
                "protocol": "tcp"
              }
            ],
            "creation_timestamp": "2025-11-20T21:39:24.358-08:00",
            "deny": [],
            "description": "",
            "destination_ranges": [],
            "direction": "INGRESS",
            "disabled": false,
            "enable_logging": null,
            "id": "projects/exemplary-oath-478810-g0/global/firewalls/allow-http-app-public",
            "log_config": [],
            "name": "allow-http-app-public",
            "network": "https://www.googleapis.com/compute/v1/projects/exemplary-oath-478810-g0/global/networks/default",
            "priority": 1000,
            "project": "exemplary-oath-478810-g0",
            "self_link": "https://www.googleapis.com/compute/v1/projects/exemplary-oath-478810-g0/global/firewalls/allow-http-app-public",
            "source_ranges": [
              "0.0.0.0/0"
            ],
            "source_service_accounts": [],
            "source_tags": [],
            "target_service_accounts": [],
            "target_tags": [
              "app-public"
            ],
            "timeouts": null
          },
          "sensitive_attributes": [],
          "identity_schema_version": 0,
          "private": "eyJlMmJmYjczMC1lY2FhLTExZTYtOGY4OC0zNDM2M2JjN2M0YzAiOnsiY3JlYXRlIjoxMjAwMDAwMDAwMDAwLCJkZWxldGUiOjEyMDAwMDAwMDAwMDAsInVwZGF0ZSI6MTIwMDAwMDAwMDAwMH0sInNjaGVtYV92ZXJzaW9uIjoiMSJ9"
        }
      ]
    },
    {
      "mode": "managed",
      "type": "google_compute_instance",
      "name": "vm",
      "provider": "provider[\"registry.terraform.io/hashicorp/google\"]",
      "instances": [
        {
          "schema_version": 6,
          "attributes": {
            "advanced_machine_features": [],
            "allow_stopping_for_update": null,
            "attached_disk": [],
            "boot_disk": [
              {
                "auto_delete": true,
                "device_name": "persistent-disk-0",
                "disk_encryption_key_raw": "",
                "disk_encryption_key_sha256": "",
                "initialize_params": [
                  {
                    "enable_confidential_compute": false,
                    "image": "https://www.googleapis.com/compute/v1/projects/ubuntu-os-cloud/global/images/ubuntu-2204-jammy-v20251111",
                    "labels": {},
                    "provisioned_iops": 0,
                    "provisioned_throughput": 0,
                    "resource_manager_tags": {},
                    "size": 30,
                    "storage_pool": "",
                    "type": "pd-standard"
                  }
                ],
                "kms_key_self_link": "",
                "mode": "READ_WRITE",
                "source": "https://www.googleapis.com/compute/v1/projects/exemplary-oath-478810-g0/zones/us-central1-a/disks/react-ubuntu-vm"
              }
            ],
            "can_ip_forward": false,
            "confidential_instance_config": [],
            "cpu_platform": "Intel Broadwell",
            "current_status": "RUNNING",
            "deletion_protection": false,
            "description": "",
            "desired_status": null,
            "effective_labels": {},
            "enable_display": false,
            "guest_accelerator": [],
            "hostname": "",
            "id": "projects/exemplary-oath-478810-g0/zones/us-central1-a/instances/react-ubuntu-vm",
            "instance_id": "5020370430512198978",
            "label_fingerprint": "42WmSpB8rSM=",
            "labels": {},
            "machine_type": "e2-medium",
            "metadata": {
              "docker_image": "us-central1-docker.pkg.dev/exemplary-oath-478810-g0/react-repo/react-app:latest",
              "enable-oslogin": "TRUE"
            },
            "metadata_fingerprint": "XoIJPdt30B4=",
            "metadata_startup_script": "    #!/bin/bash\n    sudo set -e\n    sudo apt update\n    sudo apt install -y docker.io curl\n    systemctl enable docker\n    systemctl start docker\n    sudo usermod -aG docker $USER\n    sudo newgrp docker\n\n    # Install gcloud\n    if ! command -v gcloud \u003e/dev/null 2\u003e\u00261; then\n      echo \"Installing gcloud components\"\n      apt-get install -y apt-transport-https ca-certificates gnupg\n      echo \"deb [signed-by=/usr/share/keyrings/cloud.google.gpg] http://packages.cloud.google.com/apt cloud-sdk main\" | tee -a /etc/apt/sources.list.d/google-cloud-sdk.list\n      curl https://packages.cloud.google.com/apt/doc/apt-key.gpg | apt-key --keyring /usr/share/keyrings/cloud.google.gpg add -\n      apt-get update \u0026\u0026 apt-get install -y google-cloud-sdk\n    fi\n\n    # Authenticate docker with Artifact Registry\n    gcloud auth configure-docker us-central1-docker.pkg.dev -q || true\n\n    # -------- CREATE deploy.sh (Auto CICD Deployment Script) --------\n    mkdir -p /opt/deploy\n    cat \u003c\u003c 'EOF' \u003e /opt/deploy/deploy.sh\n#!/bin/bash\nset -e\n\nPROJECT_ID=\"exemplary-oath-478810-g0\"\nREGION=\"us-central1\"\nREPO=\"react-repo\"\nIMAGE_NAME=\"react-app\"\nAPP_NAME=\"react-ubuntu-vm-app\"\n\nIMAGE=\"$REGION-docker.pkg.dev/$PROJECT_ID/$REPO/$IMAGE_NAME:latest\"\n\necho \"[DEPLOY] Pulling latest image: $IMAGE\"\ndocker pull $IMAGE\n\necho \"[DEPLOY] Stopping running container (if exists)\"\ndocker stop $APP_NAME || true\ndocker rm $APP_NAME || true\n\necho \"[DEPLOY] Running container: $APP_NAME\"\ndocker run -d --name $APP_NAME -p 80:80 $IMAGE\n\necho \"[DEPLOY] Deployment completed successfully\"\nEOF\n\n    chmod +x /opt/deploy/deploy.sh\n    echo \"[INFO] deploy.sh added and made executable\"\n    # -------- END deploy.sh creation --------\n\n    # First deployment at VM startup (optional)\n    IMAGE_META=$(curl -s -H \"Metadata-Flavor: Google\" http://metadata.google.internal/computeMetadata/v1/instance/attributes/docker_image)\n    if [ -n \"$IMAGE_META\" ]; then\n      echo \"Initial image pull on startup: $IMAGE_META\"\n      docker pull \"$IMAGE_META\" || true\n      docker stop react-ubuntu-vm-app || true\n      docker rm react-ubuntu-vm-app || true\n      docker run -d --name react-ubuntu-vm-app -p 80:80 \"$IMAGE_META\" || true\n    fi\n",
            "min_cpu_platform": "",
            "name": "react-ubuntu-vm",
            "network_interface": [
              {
                "access_config": [
                  {
                    "nat_ip": "34.133.204.2",
                    "network_tier": "PREMIUM",
                    "public_ptr_domain_name": ""
                  }
                ],
                "alias_ip_range": [],
                "internal_ipv6_prefix_length": 0,
                "ipv6_access_config": [],
                "ipv6_access_type": "",
                "ipv6_address": "",
                "name": "nic0",
                "network": "https://www.googleapis.com/compute/v1/projects/exemplary-oath-478810-g0/global/networks/default",
                "network_ip": "10.128.0.4",
                "nic_type": "",
                "queue_count": 0,
                "stack_type": "IPV4_ONLY",
                "subnetwork": "https://www.googleapis.com/compute/v1/projects/exemplary-oath-478810-g0/regions/us-central1/subnetworks/default",
                "subnetwork_project": "exemplary-oath-478810-g0"
              }
            ],
            "network_performance_config": [],
            "params": [],
            "project": "exemplary-oath-478810-g0",
            "reservation_affinity": [],
            "resource_policies": [],
            "scheduling": [
              {
                "automatic_restart": true,
                "instance_termination_action": "",
                "local_ssd_recovery_timeout": [],
                "max_run_duration": [],
                "min_node_cpus": 0,
                "node_affinities": [],
                "on_host_maintenance": "MIGRATE",
                "on_instance_stop_action": [],
                "preemptible": false,
                "provisioning_model": "STANDARD"
              }
            ],
            "scratch_disk": [],
            "self_link": "https://www.googleapis.com/compute/v1/projects/exemplary-oath-478810-g0/zones/us-central1-a/instances/react-ubuntu-vm",
            "service_account": [
              {
                "email": "590265135974-compute@developer.gserviceaccount.com",
                "scopes": [
                  "https://www.googleapis.com/auth/cloud-platform"
                ]
              }
            ],
            "shielded_instance_config": [
              {
                "enable_integrity_monitoring": true,
                "enable_secure_boot": false,
                "enable_vtpm": true
              }
            ],
            "tags": [
              "app-public"
            ],
            "tags_fingerprint": "sfLfUTpzF-E=",
            "terraform_labels": {},
            "timeouts": null,
            "zone": "us-central1-a"
          },
          "sensitive_attributes": [
            [
              {
                "type": "get_attr",
                "value": "boot_disk"
              },
              {
                "type": "index",
                "value": {
                  "value": 0,
                  "type": "number"
                }
              },
              {
                "type": "get_attr",
                "value": "disk_encryption_key_raw"
              }
            ]
          ],
          "identity_schema_version": 0,
          "private": "eyJlMmJmYjczMC1lY2FhLTExZTYtOGY4OC0zNDM2M2JjN2M0YzAiOnsiY3JlYXRlIjoxMjAwMDAwMDAwMDAwLCJkZWxldGUiOjEyMDAwMDAwMDAwMDAsInVwZGF0ZSI6MTIwMDAwMDAwMDAwMH0sInNjaGVtYV92ZXJzaW9uIjoiNiJ9"
        }
      ]
    },
    {
      "mode": "managed",
      "type": "google_project_iam_binding",
      "name": "cb_artifact_writer",
      "provider": "provider[\"registry.terraform.io/hashicorp/google\"]",
      "instances": [
        {
          "schema_version": 0,
          "attributes": {
            "condition": [],
            "etag": "BwZEVNwGjyM=",
            "id": "exemplary-oath-478810-g0/roles/artifactregistry.reader",
            "members": [
              "serviceAccount:590265135974@cloudbuild.gserviceaccount.com"
            ],
            "project": "exemplary-oath-478810-g0",
            "role": "roles/artifactregistry.reader"
          },
          "sensitive_attributes": [],
          "identity_schema_version": 0,
          "private": "bnVsbA=="
        }
      ]
    },
    {
      "mode": "managed",
      "type": "google_project_iam_binding",
      "name": "cb_compute_admin",
      "provider": "provider[\"registry.terraform.io/hashicorp/google\"]",
      "instances": [
        {
          "schema_version": 0,
          "attributes": {
            "condition": [],
            "etag": "BwZEVNwGjyM=",
            "id": "exemplary-oath-478810-g0/roles/compute.instanceAdmin.v1",
            "members": [
              "serviceAccount:590265135974@cloudbuild.gserviceaccount.com"
            ],
            "project": "exemplary-oath-478810-g0",
            "role": "roles/compute.instanceAdmin.v1"
          },
          "sensitive_attributes": [],
          "identity_schema_version": 0,
          "private": "bnVsbA=="
        }
      ]
    },
    {
      "mode": "managed",
      "type": "google_project_iam_binding",
      "name": "cb_oslogin",
      "provider": "provider[\"registry.terraform.io/hashicorp/google\"]",
      "instances": [
        {
          "schema_version": 0,
          "attributes": {
            "condition": [],
            "etag": "BwZEVNwGjyM=",
            "id": "exemplary-oath-478810-g0/roles/compute.osLogin",
            "members": [
              "serviceAccount:590265135974@cloudbuild.gserviceaccount.com"
            ],
            "project": "exemplary-oath-478810-g0",
            "role": "roles/compute.osLogin"
          },
          "sensitive_attributes": [],
          "identity_schema_version": 0,
          "private": "bnVsbA=="
        }
      ]
    },
    {
      "mode": "managed",
      "type": "google_project_iam_member",
      "name": "cb_artifact_writer",
      "provider": "provider[\"registry.terraform.io/hashicorp/google\"]",
      "instances": [
        {
          "schema_version": 0,
          "attributes": {
            "condition": [],
            "etag": "BwZEVRlhB+k=",
            "id": "exemplary-oath-478810-g0/roles/artifactregistry.writer/serviceAccount:590265135974@cloudbuild.gserviceaccount.com",
            "member": "serviceAccount:590265135974@cloudbuild.gserviceaccount.com",
            "project": "exemplary-oath-478810-g0",
            "role": "roles/artifactregistry.writer"
          },
          "sensitive_attributes": [],
          "identity_schema_version": 0,
          "private": "bnVsbA=="
        }
      ]
    },
    {
      "mode": "managed",
      "type": "google_pubsub_topic",
      "name": "artifact_push_topic",
      "provider": "provider[\"registry.terraform.io/hashicorp/google\"]",
      "instances": [
        {
          "schema_version": 0,
          "attributes": {
            "effective_labels": {},
            "id": "projects/exemplary-oath-478810-g0/topics/artifact-image-push",
            "ingestion_data_source_settings": [],
            "kms_key_name": "",
            "labels": {},
            "message_retention_duration": "",
            "message_storage_policy": [],
            "name": "artifact-image-push",
            "project": "exemplary-oath-478810-g0",
            "schema_settings": [],
            "terraform_labels": {},
            "timeouts": null
          },
          "sensitive_attributes": [],
          "identity_schema_version": 0,
          "private": "eyJlMmJmYjczMC1lY2FhLTExZTYtOGY4OC0zNDM2M2JjN2M0YzAiOnsiY3JlYXRlIjoxMjAwMDAwMDAwMDAwLCJkZWxldGUiOjEyMDAwMDAwMDAwMDAsInVwZGF0ZSI6MTIwMDAwMDAwMDAwMH19"
        }
      ]
    },
    {
      "mode": "managed",
      "type": "google_pubsub_topic_iam_member",
      "name": "artifact_to_pubsub",
      "provider": "provider[\"registry.terraform.io/hashicorp/google\"]",
      "instances": [
        {
          "schema_version": 0,
          "attributes": {
            "condition": [],
            "etag": "BwZEVRk+MzU=",
            "id": "projects/exemplary-oath-478810-g0/topics/artifact-image-push/roles/pubsub.publisher/serviceAccount:590265135974@cloudbuild.gserviceaccount.com",
            "member": "serviceAccount:590265135974@cloudbuild.gserviceaccount.com",
            "project": "exemplary-oath-478810-g0",
            "role": "roles/pubsub.publisher",
            "topic": "projects/exemplary-oath-478810-g0/topics/artifact-image-push"
          },
          "sensitive_attributes": [],
          "identity_schema_version": 0,
          "private": "bnVsbA==",
          "dependencies": [
            "google_pubsub_topic.artifact_push_topic"
          ]
        }
      ]
    }
  ],
  "check_results": null
}
